// !$*UTF8*$!
{
	archiveVersion = 1;
	classes = {
	};
	objectVersion = 46;
	objects = {

/* Begin PBXBuildFile section */
		2C8C75DF1C9782C3005FE765 /* AppDelegate.swift in Sources */ = {isa = PBXBuildFile; fileRef = 2C8C75DE1C9782C3005FE765 /* AppDelegate.swift */; };
		2C8C75E11C9782C3005FE765 /* ViewController.swift in Sources */ = {isa = PBXBuildFile; fileRef = 2C8C75E01C9782C3005FE765 /* ViewController.swift */; };
		2C8C75E41C9782C3005FE765 /* Main.storyboard in Resources */ = {isa = PBXBuildFile; fileRef = 2C8C75E21C9782C3005FE765 /* Main.storyboard */; };
		2C8C75E61C9782C3005FE765 /* Assets.xcassets in Resources */ = {isa = PBXBuildFile; fileRef = 2C8C75E51C9782C3005FE765 /* Assets.xcassets */; };
		2C8C75E91C9782C3005FE765 /* LaunchScreen.storyboard in Resources */ = {isa = PBXBuildFile; fileRef = 2C8C75E71C9782C3005FE765 /* LaunchScreen.storyboard */; };
		2C8C75F31C98CFAC005FE765 /* ShuffleViewController.swift in Sources */ = {isa = PBXBuildFile; fileRef = 2C8C75F21C98CFAC005FE765 /* ShuffleViewController.swift */; };
		2C8C75F51C98CFC5005FE765 /* SongDetailViewController.swift in Sources */ = {isa = PBXBuildFile; fileRef = 2C8C75F41C98CFC5005FE765 /* SongDetailViewController.swift */; };
		2CCF27C81C9B09B600E3B667 /* John Wesley Coleman - Tequila.mp3 in Resources */ = {isa = PBXBuildFile; fileRef = 2CCF27C71C9B09B600E3B667 /* John Wesley Coleman - Tequila.mp3 */; };
		2CCF27CA1C9B0A6200E3B667 /* Black Ant - realest year.mp3 in Resources */ = {isa = PBXBuildFile; fileRef = 2CCF27C91C9B0A6200E3B667 /* Black Ant - realest year.mp3 */; };
		2CCF27CC1C9B0AC500E3B667 /* junior85 - Function.mp3 in Resources */ = {isa = PBXBuildFile; fileRef = 2CCF27CB1C9B0AC500E3B667 /* junior85 - Function.mp3 */; };
		2CCF27CE1C9B0B0400E3B667 /* Dave Girtsman - Goofy Vocal Groove.mp3 in Resources */ = {isa = PBXBuildFile; fileRef = 2CCF27CD1C9B0B0400E3B667 /* Dave Girtsman - Goofy Vocal Groove.mp3 */; };
		2CCF27D01C9B0B6800E3B667 /* Norrin Radd - Quantum Uncertainty.mp3 in Resources */ = {isa = PBXBuildFile; fileRef = 2CCF27CF1C9B0B6800E3B667 /* Norrin Radd - Quantum Uncertainty.mp3 */; };
/* End PBXBuildFile section */

/* Begin PBXFileReference section */
		2C8C75DB1C9782C3005FE765 /* PlayMusicExample.app */ = {isa = PBXFileReference; explicitFileType = wrapper.application; includeInIndex = 0; path = PlayMusicExample.app; sourceTree = BUILT_PRODUCTS_DIR; };
		2C8C75DE1C9782C3005FE765 /* AppDelegate.swift */ = {isa = PBXFileReference; lastKnownFileType = sourcecode.swift; path = AppDelegate.swift; sourceTree = "<group>"; };
		2C8C75E01C9782C3005FE765 /* ViewController.swift */ = {isa = PBXFileReference; lastKnownFileType = sourcecode.swift; path = ViewController.swift; sourceTree = "<group>"; };
		2C8C75E31C9782C3005FE765 /* Base */ = {isa = PBXFileReference; lastKnownFileType = file.storyboard; name = Base; path = Base.lproj/Main.storyboard; sourceTree = "<group>"; };
		2C8C75E51C9782C3005FE765 /* Assets.xcassets */ = {isa = PBXFileReference; lastKnownFileType = folder.assetcatalog; path = Assets.xcassets; sourceTree = "<group>"; };
		2C8C75E81C9782C3005FE765 /* Base */ = {isa = PBXFileReference; lastKnownFileType = file.storyboard; name = Base; path = Base.lproj/LaunchScreen.storyboard; sourceTree = "<group>"; };
		2C8C75EA1C9782C3005FE765 /* Info.plist */ = {isa = PBXFileReference; lastKnownFileType = text.plist.xml; path = Info.plist; sourceTree = "<group>"; };
		2C8C75F21C98CFAC005FE765 /* ShuffleViewController.swift */ = {isa = PBXFileReference; fileEncoding = 4; lastKnownFileType = sourcecode.swift; path = ShuffleViewController.swift; sourceTree = "<group>"; };
		2C8C75F41C98CFC5005FE765 /* SongDetailViewController.swift */ = {isa = PBXFileReference; fileEncoding = 4; lastKnownFileType = sourcecode.swift; path = SongDetailViewController.swift; sourceTree = "<group>"; };
		2CCF27C71C9B09B600E3B667 /* John Wesley Coleman - Tequila.mp3 */ = {isa = PBXFileReference; lastKnownFileType = audio.mp3; path = "John Wesley Coleman - Tequila.mp3"; sourceTree = "<group>"; };
		2CCF27C91C9B0A6200E3B667 /* Black Ant - realest year.mp3 */ = {isa = PBXFileReference; lastKnownFileType = audio.mp3; path = "Black Ant - realest year.mp3"; sourceTree = "<group>"; };
		2CCF27CB1C9B0AC500E3B667 /* junior85 - Function.mp3 */ = {isa = PBXFileReference; lastKnownFileType = audio.mp3; path = "junior85 - Function.mp3"; sourceTree = "<group>"; };
		2CCF27CD1C9B0B0400E3B667 /* Dave Girtsman - Goofy Vocal Groove.mp3 */ = {isa = PBXFileReference; lastKnownFileType = audio.mp3; path = "Dave Girtsman - Goofy Vocal Groove.mp3"; sourceTree = "<group>"; };
		2CCF27CF1C9B0B6800E3B667 /* Norrin Radd - Quantum Uncertainty.mp3 */ = {isa = PBXFileReference; lastKnownFileType = audio.mp3; path = "Norrin Radd - Quantum Uncertainty.mp3"; sourceTree = "<group>"; };
/* End PBXFileReference section */

/* Begin PBXFrameworksBuildPhase section */
		2C8C75D81C9782C3005FE765 /* Frameworks */ = {
			isa = PBXFrameworksBuildPhase;
			buildActionMask = 2147483647;
			files = (
			);
			runOnlyForDeploymentPostprocessing = 0;
		};
/* End PBXFrameworksBuildPhase section */

/* Begin PBXGroup section */
		2C8C75D21C9782C3005FE765 = {
			isa = PBXGroup;
			children = (
				2C8C75DD1C9782C3005FE765 /* PlayMusicExample */,
				2C8C75DC1C9782C3005FE765 /* Products */,
			);
			sourceTree = "<group>";
		};
		2C8C75DC1C9782C3005FE765 /* Products */ = {
			isa = PBXGroup;
			children = (
				2C8C75DB1C9782C3005FE765 /* PlayMusicExample.app */,
			);
			name = Products;
			sourceTree = "<group>";
		};
		2C8C75DD1C9782C3005FE765 /* PlayMusicExample */ = {
			isa = PBXGroup;
			children = (
				2C8C75DE1C9782C3005FE765 /* AppDelegate.swift */,
				2C8C75E01C9782C3005FE765 /* ViewController.swift */,
				2C8C75E21C9782C3005FE765 /* Main.storyboard */,
				2C8C75E51C9782C3005FE765 /* Assets.xcassets */,
				2C8C75E71C9782C3005FE765 /* LaunchScreen.storyboard */,
				2C8C75EA1C9782C3005FE765 /* Info.plist */,
				2C8C75F21C98CFAC005FE765 /* ShuffleViewController.swift */,
				2C8C75F41C98CFC5005FE765 /* SongDetailViewController.swift */,
				2C8C75F81C98D3C2005FE765 /* Songs */,
			);
			path = PlayMusicExample;
			sourceTree = "<group>";
		};
		2C8C75F81C98D3C2005FE765 /* Songs */ = {
			isa = PBXGroup;
			children = (
				2CCF27C71C9B09B600E3B667 /* John Wesley Coleman - Tequila.mp3 */,
				2CCF27CD1C9B0B0400E3B667 /* Dave Girtsman - Goofy Vocal Groove.mp3 */,
				2CCF27C91C9B0A6200E3B667 /* Black Ant - realest year.mp3 */,
				2CCF27CB1C9B0AC500E3B667 /* junior85 - Function.mp3 */,
				2CCF27CF1C9B0B6800E3B667 /* Norrin Radd - Quantum Uncertainty.mp3 */,
			);
			name = Songs;
			sourceTree = "<group>";
		};
/* End PBXGroup section */

/* Begin PBXNativeTarget section */
		2C8C75DA1C9782C3005FE765 /* PlayMusicExample */ = {
			isa = PBXNativeTarget;
			buildConfigurationList = 2C8C75ED1C9782C3005FE765 /* Build configuration list for PBXNativeTarget "PlayMusicExample" */;
			buildPhases = (
				2C8C75D71C9782C3005FE765 /* Sources */,
				2C8C75D81C9782C3005FE765 /* Frameworks */,
				2C8C75D91C9782C3005FE765 /* Resources */,
			);
			buildRules = (
			);
			dependencies = (
			);
			name = PlayMusicExample;
			productName = PlayMusicExample;
			productReference = 2C8C75DB1C9782C3005FE765 /* PlayMusicExample.app */;
			productType = "com.apple.product-type.application";
		};
/* End PBXNativeTarget section */

/* Begin PBXProject section */
		2C8C75D31C9782C3005FE765 /* Project object */ = {
			isa = PBXProject;
			attributes = {
				LastSwiftUpdateCheck = 0730;
				LastUpgradeCheck = 0730;
				ORGANIZATIONNAME = "Dante Solorio";
				TargetAttributes = {
					2C8C75DA1C9782C3005FE765 = {
						CreatedOnToolsVersion = 7.3;
					};
				};
			};
			buildConfigurationList = 2C8C75D61C9782C3005FE765 /* Build configuration list for PBXProject "PlayMusicExample" */;
			compatibilityVersion = "Xcode 3.2";
			developmentRegion = English;
			hasScannedForEncodings = 0;
			knownRegions = (
				en,
				Base,
			);
			mainGroup = 2C8C75D21C9782C3005FE765;
			productRefGroup = 2C8C75DC1C9782C3005FE765 /* Products */;
			projectDirPath = "";
			projectRoot = "";
			targets = (
				2C8C75DA1C9782C3005FE765 /* PlayMusicExample */,
			);
		};
/* End PBXProject section */

/* Begin PBXResourcesBuildPhase section */
		2C8C75D91C9782C3005FE765 /* Resources */ = {
			isa = PBXResourcesBuildPhase;
			buildActionMask = 2147483647;
			files = (
				2CCF27CA1C9B0A6200E3B667 /* Black Ant - realest year.mp3 in Resources */,
				2CCF27CE1C9B0B0400E3B667 /* Dave Girtsman - Goofy Vocal Groove.mp3 in Resources */,
				2CCF27C81C9B09B600E3B667 /* John Wesley Coleman - Tequila.mp3 in Resources */,
				2CCF27CC1C9B0AC500E3B667 /* junior85 - Function.mp3 in Resources */,
				2CCF27D01C9B0B6800E3B667 /* Norrin Radd - Quantum Uncertainty.mp3 in Resources */,
				2C8C75E91C9782C3005FE765 /* LaunchScreen.storyboard in Resources */,
				2C8C75E61C9782C3005FE765 /* Assets.xcassets in Resources */,
				2C8C75E41C9782C3005FE765 /* Main.storyboard in Resources */,
			);
			runOnlyForDeploymentPostprocessing = 0;
		};
/* End PBXResourcesBuildPhase section */

/* Begin PBXSourcesBuildPhase section */
		2C8C75D71C9782C3005FE765 /* Sources */ = {
			isa = PBXSourcesBuildPhase;
			buildActionMask = 2147483647;
			files = (
				2C8C75E11C9782C3005FE765 /* ViewController.swift in Sources */,
				2C8C75DF1C9782C3005FE765 /* AppDelegate.swift in Sources */,
				2C8C75F51C98CFC5005FE765 /* SongDetailViewController.swift in Sources */,
				2C8C75F31C98CFAC005FE765 /* ShuffleViewController.swift in Sources */,
			);
			runOnlyForDeploymentPostprocessing = 0;
		};
/* End PBXSourcesBuildPhase section */

/* Begin PBXVariantGroup section */
		2C8C75E21C9782C3005FE765 /* Main.storyboard */ = {
			isa = PBXVariantGroup;
			children = (
				2C8C75E31C9782C3005FE765 /* Base */,
			);
			name = Main.storyboard;
			sourceTree = "<group>";
		};
		2C8C75E71C9782C3005FE765 /* LaunchScreen.storyboard */ = {
			isa = PBXVariantGroup;
			children = (
				2C8C75E81C9782C3005FE765 /* Base */,
			);
			name = LaunchScreen.storyboard;
			sourceTree = "<group>";
		};
/* End PBXVariantGroup section */

/* Begin XCBuildConfiguration section */
		2C8C75EB1C9782C3005FE765 /* Debug */ = {
			isa = XCBuildConfiguration;
			buildSettings = {
				ALWAYS_SEARCH_USER_PATHS = NO;
				CLANG_ANALYZER_NONNULL = YES;
				CLANG_CXX_LANGUAGE_STANDARD = "gnu++0x";
				CLANG_CXX_LIBRARY = "libc++";
				CLANG_ENABLE_MODULES = YES;
				CLANG_ENABLE_OBJC_ARC = YES;
				CLANG_WARN_BOOL_CONVERSION = YES;
				CLANG_WARN_CONSTANT_CONVERSION = YES;
				CLANG_WARN_DIRECT_OBJC_ISA_USAGE = YES_ERROR;
				CLANG_WARN_EMPTY_BODY = YES;
				CLANG_WARN_ENUM_CONVERSION = YES;
				CLANG_WARN_INT_CONVERSION = YES;
				CLANG_WARN_OBJC_ROOT_CLASS = YES_ERROR;
				CLANG_WARN_UNREACHABLE_CODE = YES;
				CLANG_WARN__DUPLICATE_METHOD_MATCH = YES;
				"CODE_SIGN_IDENTITY[sdk=iphoneos*]" = "iPhone Developer";
				COPY_PHASE_STRIP = NO;
				DEBUG_INFORMATION_FORMAT = dwarf;
				ENABLE_STRICT_OBJC_MSGSEND = YES;
				ENABLE_TESTABILITY = YES;
				GCC_C_LANGUAGE_STANDARD = gnu99;
				GCC_DYNAMIC_NO_PIC = NO;
				GCC_NO_COMMON_BLOCKS = YES;
				GCC_OPTIMIZATION_LEVEL = 0;
				GCC_PREPROCESSOR_DEFINITIONS = (
					"DEBUG=1",
					"$(inherited)",
				);
				GCC_WARN_64_TO_32_BIT_CONVERSION = YES;
				GCC_WARN_ABOUT_RETURN_TYPE = YES_ERROR;
				GCC_WARN_UNDECLARED_SELECTOR = YES;
				GCC_WARN_UNINITIALIZED_AUTOS = YES_AGGRESSIVE;
				GCC_WARN_UNUSED_FUNCTION = YES;
				GCC_WARN_UNUSED_VARIABLE = YES;
				IPHONEOS_DEPLOYMENT_TARGET = 9.3;
				MTL_ENABLE_DEBUG_INFO = YES;
				ONLY_ACTIVE_ARCH = YES;
				SDKROOT = iphoneos;
				SWIFT_OPTIMIZATION_LEVEL = "-Onone";
			};
			name = Debug;
		};
		2C8C75EC1C9782C3005FE765 /* Release */ = {
			isa = XCBuildConfiguration;
			buildSettings = {
				ALWAYS_SEARCH_USER_PATHS = NO;
				CLANG_ANALYZER_NONNULL = YES;
				CLANG_CXX_LANGUAGE_STANDARD = "gnu++0x";
				CLANG_CXX_LIBRARY = "libc++";
				CLANG_ENABLE_MODULES = YES;
				CLANG_ENABLE_OBJC_ARC = YES;
				CLANG_WARN_BOOL_CONVERSION = YES;
				CLANG_WARN_CONSTANT_CONVERSION = YES;
				CLANG_WARN_DIRECT_OBJC_ISA_USAGE = YES_ERROR;
				CLANG_WARN_EMPTY_BODY = YES;
				CLANG_WARN_ENUM_CONVERSION = YES;
				CLANG_WARN_INT_CONVERSION = YES;
				CLANG_WARN_OBJC_ROOT_CLASS = YES_ERROR;
				CLANG_WARN_UNREACHABLE_CODE = YES;
				CLANG_WARN__DUPLICATE_METHOD_MATCH = YES;
				"CODE_SIGN_IDENTITY[sdk=iphoneos*]" = "iPhone Developer";
				COPY_PHASE_STRIP = NO;
				DEBUG_INFORMATION_FORMAT = "dwarf-with-dsym";
				ENABLE_NS_ASSERTIONS = NO;
				ENABLE_STRICT_OBJC_MSGSEND = YES;
				GCC_C_LANGUAGE_STANDARD = gnu99;
				GCC_NO_COMMON_BLOCKS = YES;
				GCC_WARN_64_TO_32_BIT_CONVERSION = YES;
				GCC_WARN_ABOUT_RETURN_TYPE = YES_ERROR;
				GCC_WARN_UNDECLARED_SELECTOR = YES;
				GCC_WARN_UNINITIALIZED_AUTOS = YES_AGGRESSIVE;
				GCC_WARN_UNUSED_FUNCTION = YES;
				GCC_WARN_UNUSED_VARIABLE = YES;
				IPHONEOS_DEPLOYMENT_TARGET = 9.3;
				MTL_ENABLE_DEBUG_INFO = NO;
				SDKROOT = iphoneos;
				VALIDATE_PRODUCT = YES;
			};
			name = Release;
		};
		2C8C75EE1C9782C3005FE765 /* Debug */ = {
			isa = XCBuildConfiguration;
			buildSettings = {
				ASSETCATALOG_COMPILER_APPICON_NAME = AppIcon;
				INFOPLIST_FILE = PlayMusicExample/Info.plist;
				LD_RUNPATH_SEARCH_PATHS = "$(inherited) @executable_path/Frameworks";
				PRODUCT_BUNDLE_IDENTIFIER = com.dante.PlayMusicExample;
				PRODUCT_NAME = "$(TARGET_NAME)";
			};
			name = Debug;
		};
		2C8C75EF1C9782C3005FE765 /* Release */ = {
			isa = XCBuildConfiguration;
			buildSettings = {
				ASSETCATALOG_COMPILER_APPICON_NAME = AppIcon;
				INFOPLIST_FILE = PlayMusicExample/Info.plist;
				LD_RUNPATH_SEARCH_PATHS = "$(inherited) @executable_path/Frameworks";
				PRODUCT_BUNDLE_IDENTIFIER = com.dante.PlayMusicExample;
				PRODUCT_NAME = "$(TARGET_NAME)";
			};
			name = Release;
		};
/* End XCBuildConfiguration section */

/* Begin XCConfigurationList section */
		2C8C75D61C9782C3005FE765 /* Build configuration list for PBXProject "PlayMusicExample" */ = {
			isa = XCConfigurationList;
			buildConfigurations = (
				2C8C75EB1C9782C3005FE765 /* Debug */,
				2C8C75EC1C9782C3005FE765 /* Release */,
			);
			defaultConfigurationIsVisible = 0;
			defaultConfigurationName = Release;
		};
		2C8C75ED1C9782C3005FE765 /* Build configuration list for PBXNativeTarget "PlayMusicExample" */ = {
			isa = XCConfigurationList;
			buildConfigurations = (
				2C8C75EE1C9782C3005FE765 /* Debug */,
				2C8C75EF1C9782C3005FE765 /* Release */,
			);
			defaultConfigurationIsVisible = 0;
			defaultConfigurationName = Release;
		};
/* End XCConfigurationList section */
	};
	rootObject = 2C8C75D31C9782C3005FE765 /* Project object */;
}
